
Microsoft Visual Studio Solution File, Format Version 12.00
# Visual Studio Version 17
VisualStudioVersion = 17.2.32616.157
MinimumVisualStudioVersion = 10.0.40219.1
Project("{FAE04EC0-301F-11D3-BF4B-00C04F79EFBC}") = "KyroMan.Library.Framework", "KyroMan.Library.Framework\KyroMan.Library.Framework.csproj", "{3877C111-E255-4501-881B-E50BAF2CAF0D}"
EndProject
Global
	GlobalSection(SolutionConfigurationPlatforms) = preSolution
		Debug|Any CPU = Debug|Any CPU
		Release|Any CPU = Release|Any CPU
	EndGlobalSection
	GlobalSection(ProjectConfigurationPlatforms) = postSolution
		{3877C111-E255-4501-881B-E50BAF2CAF0D}.Debug|Any CPU.ActiveCfg = Debug|Any CPU
		{3877C111-E255-4501-881B-E50BAF2CAF0D}.Debug|Any CPU.Build.0 = Debug|Any CPU
		{3877C111-E255-4501-881B-E50BAF2CAF0D}.Release|Any CPU.ActiveCfg = Release|Any CPU
		{3877C111-E255-4501-881B-E50BAF2CAF0D}.Release|Any CPU.Build.0 = Release|Any CPU
	EndGlobalSection
	GlobalSection(SolutionProperties) = preSolution
		HideSolutionNode = FALSE
	EndGlobalSection
	GlobalSection(ExtensibilityGlobals) = postSolution
		SolutionGuid = {051D0F50-286A-4E59-813E-76482D965969}
	EndGlobalSection
EndGlobal
